
Microsoft Visual Studio Solution File, Format Version 12.00
# Visual Studio 15
VisualStudioVersion = 15.0.27428.2002
MinimumVisualStudioVersion = 10.0.40219.1
Project("{2150E333-8FDC-42A3-9474-1A3956D46DE8}") = "Solution Items", "Solution Items", "{85AE58F4-4AC3-44D7-B8F1-359E076DECC0}"
	ProjectSection(SolutionItems) = preProject
		main_init.cs = main_init.cs
	EndProjectSection
EndProject
Global
	GlobalSection(SolutionProperties) = preSolution
		HideSolutionNode = FALSE
	EndGlobalSection
	GlobalSection(ExtensibilityGlobals) = postSolution
		SolutionGuid = {E6355C0A-C600-495B-8D18-F4026EDBAB22}
	EndGlobalSection
EndGlobal
